
Microsoft Visual Studio Solution File, Format Version 12.00
# Visual Studio Version 17
VisualStudioVersion = 17.12.35521.163
MinimumVisualStudioVersion = 10.0.40219.1
Project("{FAE04EC0-301F-11D3-BF4B-00C04F79EFBC}") = "WpfChatClient", "WpfChat\WpfChatClient.csproj", "{47081C76-CF42-4BFE-8AAF-920178CE4CF2}"
EndProject
Project("{FAE04EC0-301F-11D3-BF4B-00C04F79EFBC}") = "WpfChat.Server", "WpfChat.Server\WpfChat.Server.csproj", "{505BBF0A-5E86-4EE1-8FB0-A49B7A91311D}"
EndProject
Global
	GlobalSection(SolutionConfigurationPlatforms) = preSolution
		Debug|Any CPU = Debug|Any CPU
		Release|Any CPU = Release|Any CPU
	EndGlobalSection
	GlobalSection(ProjectConfigurationPlatforms) = postSolution
		{47081C76-CF42-4BFE-8AAF-920178CE4CF2}.Debug|Any CPU.ActiveCfg = Debug|Any CPU
		{47081C76-CF42-4BFE-8AAF-920178CE4CF2}.Debug|Any CPU.Build.0 = Debug|Any CPU
		{47081C76-CF42-4BFE-8AAF-920178CE4CF2}.Release|Any CPU.ActiveCfg = Release|Any CPU
		{47081C76-CF42-4BFE-8AAF-920178CE4CF2}.Release|Any CPU.Build.0 = Release|Any CPU
		{505BBF0A-5E86-4EE1-8FB0-A49B7A91311D}.Debug|Any CPU.ActiveCfg = Debug|Any CPU
		{505BBF0A-5E86-4EE1-8FB0-A49B7A91311D}.Debug|Any CPU.Build.0 = Debug|Any CPU
		{505BBF0A-5E86-4EE1-8FB0-A49B7A91311D}.Release|Any CPU.ActiveCfg = Release|Any CPU
		{505BBF0A-5E86-4EE1-8FB0-A49B7A91311D}.Release|Any CPU.Build.0 = Release|Any CPU
	EndGlobalSection
	GlobalSection(SolutionProperties) = preSolution
		HideSolutionNode = FALSE
	EndGlobalSection
EndGlobal
